<?xml version="1.0" encoding="utf-8"?>
<Project ToolsVersion="4.0" xmlns="http://schemas.microsoft.com/developer/msbuild/2003">
  <ItemGroup>
    <Filter Include="Source Files">
      <UniqueIdentifier>{4FC737F1-C7A5-4376-A066-2A32D752A2FF}</UniqueIdentifier>
      <Extensions>cpp;c;cc;cxx;c++;cppm;ixx;def;odl;idl;hpj;bat;asm;asmx</Extensions>
    </Filter>
    <Filter Include="Header Files">
      <UniqueIdentifier>{93995380-89BD-4b04-88EB-625FBE52EBFB}</UniqueIdentifier>
      <Extensions>h;hh;hpp;hxx;h++;hm;inl;inc;ipp;xsd</Extensions>
    </Filter>
    <Filter Include="Resource Files">
      <UniqueIdentifier>{67DA6AB6-F800-4c08-8B7A-83BB121AAD01}</UniqueIdentifier>
      <Extensions>rc;ico;cur;bmp;dlg;rc2;rct;bin;rgs;gif;jpg;jpeg;jpe;resx;tiff;tif;png;wav;mfcribbon-ms</Extensions>
    </Filter>
    <Filter Include="Source Files\2">
      <UniqueIdentifier>{eb0122de-7f20-4ffb-91dd-4fd35b8714fe}</UniqueIdentifier>
    </Filter>
    <Filter Include="Source Files\1">
      <UniqueIdentifier>{9d89da18-84e7-4c00-9638-fe46407d1118}</UniqueIdentifier>
    </Filter>
  </ItemGroup>
  <ItemGroup>
    <None Include="bootloader.asm">
      <Filter>Source Files\1</Filter>
    </None>
    <None Include="DiskRead.asm">
      <Filter>Source Files\1</Filter>
    </None>
    <None Include="Print.asm">
      <Filter>Source Files\1</Filter>
    </None>
    <None Include="ExtendedProgram.asm">
      <Filter>Source Files\2</Filter>
    </None>
    <None Include="gdt.asm">
      <Filter>Source Files\2</Filter>
    </None>
    <None Include="CPUID.asm">
      <Filter>Source Files\2</Filter>
    </None>
    <None Include="SimplePaging.asm">
      <Filter>Source Files\2</Filter>
    </None>
  </ItemGroup>
</Project>